
Microsoft Visual Studio Solution File, Format Version 12.00
# Visual Studio 15
Project("{FAE04EC0-301F-11D3-BF4B-00C04F79EFBC}") = "Assembly-CSharp", "Assembly-CSharp.csproj", "{3531A902-BBF1-B8FD-4DDD-7BEEE35A45DE}"
EndProject
Project("{FAE04EC0-301F-11D3-BF4B-00C04F79EFBC}") = "Assembly-CSharp-Editor", "Assembly-CSharp-Editor.csproj", "{DE592152-5325-67CF-5EF7-3C3FD43C01B5}"
EndProject
Global
	GlobalSection(SolutionConfigurationPlatforms) = preSolution
		Debug|Any CPU = Debug|Any CPU
		Release|Any CPU = Release|Any CPU
	EndGlobalSection
	GlobalSection(ProjectConfigurationPlatforms) = postSolution
		{3531A902-BBF1-B8FD-4DDD-7BEEE35A45DE}.Debug|Any CPU.ActiveCfg = Debug|Any CPU
		{3531A902-BBF1-B8FD-4DDD-7BEEE35A45DE}.Debug|Any CPU.Build.0 = Debug|Any CPU
		{3531A902-BBF1-B8FD-4DDD-7BEEE35A45DE}.Release|Any CPU.ActiveCfg = Release|Any CPU
		{3531A902-BBF1-B8FD-4DDD-7BEEE35A45DE}.Release|Any CPU.Build.0 = Release|Any CPU
		{DE592152-5325-67CF-5EF7-3C3FD43C01B5}.Debug|Any CPU.ActiveCfg = Debug|Any CPU
		{DE592152-5325-67CF-5EF7-3C3FD43C01B5}.Debug|Any CPU.Build.0 = Debug|Any CPU
		{DE592152-5325-67CF-5EF7-3C3FD43C01B5}.Release|Any CPU.ActiveCfg = Release|Any CPU
		{DE592152-5325-67CF-5EF7-3C3FD43C01B5}.Release|Any CPU.Build.0 = Release|Any CPU
	EndGlobalSection
	GlobalSection(SolutionProperties) = preSolution
		HideSolutionNode = FALSE
	EndGlobalSection
EndGlobal
